// !$*UTF8*$!
{
	archiveVersion = 1;
	classes = {
	};
	objectVersion = 77;
	objects = {

/* Begin PBXBuildFile section */
		B0FB1A2E0F7C06B2001CFA04 /* FirebaseAuth in Frameworks */ = {isa = PBXBuildFile; productRef = B0FB1A2E0F7C06B2001CFA02 /* FirebaseAuth */; };
		B0FB1A2E0F7C06B2001CFA05 /* FirebaseFirestore in Frameworks */ = {isa = PBXBuildFile; productRef = B0FB1A2E0F7C06B2001CFA03 /* FirebaseFirestore */; };
/* End PBXBuildFile section */

/* Begin PBXContainerItemProxy section */
		B02A71422F7C06B9001CD565 /* PBXContainerItemProxy */ = {
			isa = PBXContainerItemProxy;
			containerPortal = B02A712A2F7C06B2001CD565 /* Project object */;
			proxyType = 1;
			remoteGlobalIDString = B02A71312F7C06B2001CD565;
			remoteInfo = HaguruApp;
		};
		B02A714C2F7C06BA001CD565 /* PBXContainerItemProxy */ = {
			isa = PBXContainerItemProxy;
			containerPortal = B02A712A2F7C06B2001CD565 /* Project object */;
			proxyType = 1;
			remoteGlobalIDString = B02A71312F7C06B2001CD565;
			remoteInfo = HaguruApp;
		};
/* End PBXContainerItemProxy section */

/* Begin PBXFileReference section */
		B02A71322F7C06B2001CD565 /* HaguruApp.app */ = {isa = PBXFileReference; explicitFileType = wrapper.application; includeInIndex = 0; path = HaguruApp.app; sourceTree = BUILT_PRODUCTS_DIR; };
		B02A71412F7C06B9001CD565 /* HaguruAppTests.xctest */ = {isa = PBXFileReference; explicitFileType = wrapper.cfbundle; includeInIndex = 0; path = HaguruAppTests.xctest; sourceTree = BUILT_PRODUCTS_DIR; };
		B02A714B2F7C06BA001CD565 /* HaguruAppUITests.xctest */ = {isa = PBXFileReference; explicitFileType = wrapper.cfbundle; includeInIndex = 0; path = HaguruAppUITests.xctest; sourceTree = BUILT_PRODUCTS_DIR; };
/* End PBXFileReference section */

/* Begin PBXFileSystemSynchronizedRootGroup section */
		B02A71342F7C06B2001CD565 /* HaguruApp */ = {
			isa = PBXFileSystemSynchronizedRootGroup;
			path = HaguruApp;
			sourceTree = "<group>";
		};
		B02A71442F7C06B9001CD565 /* HaguruAppTests */ = {
			isa = PBXFileSystemSynchronizedRootGroup;
			path = HaguruAppTests;
			sourceTree = "<group>";
		};
		B02A714E2F7C06BA001CD565 /* HaguruAppUITests */ = {
			isa = PBXFileSystemSynchronizedRootGroup;
			path = HaguruAppUITests;
			sourceTree = "<group>";
		};
/* End PBXFileSystemSynchronizedRootGroup section */

/* Begin PBXFrameworksBuildPhase section */
		B02A712F2F7C06B2001CD565 /* Frameworks */ = {
			isa = PBXFrameworksBuildPhase;
			buildActionMask = 2147483647;
			files = (
				B0FB1A2E0F7C06B2001CFA04 /* FirebaseAuth in Frameworks */,
				B0FB1A2E0F7C06B2001CFA05 /* FirebaseFirestore in Frameworks */,
			);
			runOnlyForDeploymentPostprocessing = 0;
		};
		B02A713E2F7C06B9001CD565 /* Frameworks */ = {
			isa = PBXFrameworksBuildPhase;
			buildActionMask = 2147483647;
			files = (
			);
			runOnlyForDeploymentPostprocessing = 0;
		};
		B02A71482F7C06BA001CD565 /* Frameworks */ = {
			isa = PBXFrameworksBuildPhase;
			buildActionMask = 2147483647;
			files = (
			);
			runOnlyForDeploymentPostprocessing = 0;
		};
/* End PBXFrameworksBuildPhase section */

/* Begin PBXGroup section */
		B02A71292F7C06B2001CD565 = {
			isa = PBXGroup;
			children = (
				B02A71342F7C06B2001CD565 /* HaguruApp */,
				B02A71442F7C06B9001CD565 /* HaguruAppTests */,
				B02A714E2F7C06BA001CD565 /* HaguruAppUITests */,
				B02A71332F7C06B2001CD565 /* Products */,
			);
			sourceTree = "<group>";
		};
		B02A71332F7C06B2001CD565 /* Products */ = {
			isa = PBXGroup;
			children = (
				B02A71322F7C06B2001CD565 /* HaguruApp.app */,
				B02A71412F7C06B9001CD565 /* HaguruAppTests.xctest */,
				B02A714B2F7C06BA001CD565 /* HaguruAppUITests.xctest */,
			);
			name = Products;
			sourceTree = "<group>";
		};
/* End PBXGroup section */

/* Begin PBXNativeTarget section */
		B02A71312F7C06B2001CD565 /* HaguruApp */ = {
			isa = PBXNativeTarget;
			buildConfigurationList = B02A71552F7C06BA001CD565 /* Build configuration list for PBXNativeTarget "HaguruApp" */;
			buildPhases = (
				B02A712E2F7C06B2001CD565 /* Sources */,
				B02A712F2F7C06B2001CD565 /* Frameworks */,
				B02A71302F7C06B2001CD565 /* Resources */,
			);
			buildRules = (
			);
			dependencies = (
			);
			fileSystemSynchronizedGroups = (
				B02A71342F7C06B2001CD565 /* HaguruApp */,
			);
			name = HaguruApp;
			packageProductDependencies = (
				B0FB1A2E0F7C06B2001CFA02 /* FirebaseAuth */,
				B0FB1A2E0F7C06B2001CFA03 /* FirebaseFirestore */,
			);
			productName = HaguruApp;
			productReference = B02A71322F7C06B2001CD565 /* HaguruApp.app */;
			productType = "com.apple.product-type.application";
		};
		B02A71402F7C06B9001CD565 /* HaguruAppTests */ = {
			isa = PBXNativeTarget;
			buildConfigurationList = B02A71582F7C06BA001CD565 /* Build configuration list for PBXNativeTarget "HaguruAppTests" */;
			buildPhases = (
				B02A713D2F7C06B9001CD565 /* Sources */,
				B02A713E2F7C06B9001CD565 /* Frameworks */,
				B02A713F2F7C06B9001CD565 /* Resources */,
			);
			buildRules = (
			);
			dependencies = (
				B02A71432F7C06B9001CD565 /* PBXTargetDependency */,
			);
			fileSystemSynchronizedGroups = (
				B02A71442F7C06B9001CD565 /* HaguruAppTests */,
			);
			name = HaguruAppTests;
			packageProductDependencies = (
			);
			productName = HaguruAppTests;
			productReference = B02A71412F7C06B9001CD565 /* HaguruAppTests.xctest */;
			productType = "com.apple.product-type.bundle.unit-test";
		};
		B02A714A2F7C06BA001CD565 /* HaguruAppUITests */ = {
			isa = PBXNativeTarget;
			buildConfigurationList = B02A715B2F7C06BA001CD565 /* Build configuration list for PBXNativeTarget "HaguruAppUITests" */;
			buildPhases = (
				B02A71472F7C06BA001CD565 /* Sources */,
				B02A71482F7C06BA001CD565 /* Frameworks */,
				B02A71492F7C06BA001CD565 /* Resources */,
			);
			buildRules = (
			);
			dependencies = (
				B02A714D2F7C06BA001CD565 /* PBXTargetDependency */,
			);
			fileSystemSynchronizedGroups = (
				B02A714E2F7C06BA001CD565 /* HaguruAppUITests */,
			);
			name = HaguruAppUITests;
			packageProductDependencies = (
			);
			productName = HaguruAppUITests;
			productReference = B02A714B2F7C06BA001CD565 /* HaguruAppUITests.xctest */;
			productType = "com.apple.product-type.bundle.ui-testing";
		};
/* End PBXNativeTarget section */

/* Begin PBXProject section */
		B02A712A2F7C06B2001CD565 /* Project object */ = {
			isa = PBXProject;
			attributes = {
				BuildIndependentTargetsInParallel = 1;
				LastSwiftUpdateCheck = 2630;
				LastUpgradeCheck = 2630;
				TargetAttributes = {
					B02A71312F7C06B2001CD565 = {
						CreatedOnToolsVersion = 26.3;
					};
					B02A71402F7C06B9001CD565 = {
						CreatedOnToolsVersion = 26.3;
						TestTargetID = B02A71312F7C06B2001CD565;
					};
					B02A714A2F7C06BA001CD565 = {
						CreatedOnToolsVersion = 26.3;
						TestTargetID = B02A71312F7C06B2001CD565;
					};
				};
			};
			buildConfigurationList = B02A712D2F7C06B2001CD565 /* Build configuration list for PBXProject "HaguruApp" */;
			developmentRegion = en;
			hasScannedForEncodings = 0;
			knownRegions = (
				en,
				Base,
			);
			mainGroup = B02A71292F7C06B2001CD565;
			minimizedProjectReferenceProxies = 1;
			packages = (
				B0FB1A2E0F7C06B2001CFA01 /* XCRemoteSwiftPackageReference "firebase-ios-sdk" */,
			);
			preferredProjectObjectVersion = 77;
			productRefGroup = B02A71332F7C06B2001CD565 /* Products */;
			projectDirPath = "";
			projectRoot = "";
			targets = (
				B02A71312F7C06B2001CD565 /* HaguruApp */,
				B02A71402F7C06B9001CD565 /* HaguruAppTests */,
				B02A714A2F7C06BA001CD565 /* HaguruAppUITests */,
			);
		};
/* End PBXProject section */

/* Begin PBXResourcesBuildPhase section */
		B02A71302F7C06B2001CD565 /* Resources */ = {
			isa = PBXResourcesBuildPhase;
			buildActionMask = 2147483647;
			files = (
			);
			runOnlyForDeploymentPostprocessing = 0;
		};
		B02A713F2F7C06B9001CD565 /* Resources */ = {
			isa = PBXResourcesBuildPhase;
			buildActionMask = 2147483647;
			files = (
			);
			runOnlyForDeploymentPostprocessing = 0;
		};
		B02A71492F7C06BA001CD565 /* Resources */ = {
			isa = PBXResourcesBuildPhase;
			buildActionMask = 2147483647;
			files = (
			);
			runOnlyForDeploymentPostprocessing = 0;
		};
/* End PBXResourcesBuildPhase section */

/* Begin PBXSourcesBuildPhase section */
		B02A712E2F7C06B2001CD565 /* Sources */ = {
			isa = PBXSourcesBuildPhase;
			buildActionMask = 2147483647;
			files = (
			);
			runOnlyForDeploymentPostprocessing = 0;
		};
		B02A713D2F7C06B9001CD565 /* Sources */ = {
			isa = PBXSourcesBuildPhase;
			buildActionMask = 2147483647;
			files = (
			);
			runOnlyForDeploymentPostprocessing = 0;
		};
		B02A71472F7C06BA001CD565 /* Sources */ = {
			isa = PBXSourcesBuildPhase;
			buildActionMask = 2147483647;
			files = (
			);
			runOnlyForDeploymentPostprocessing = 0;
		};
/* End PBXSourcesBuildPhase section */

/* Begin PBXTargetDependency section */
		B02A71432F7C06B9001CD565 /* PBXTargetDependency */ = {
			isa = PBXTargetDependency;
			target = B02A71312F7C06B2001CD565 /* HaguruApp */;
			targetProxy = B02A71422F7C06B9001CD565 /* PBXContainerItemProxy */;
		};
		B02A714D2F7C06BA001CD565 /* PBXTargetDependency */ = {
			isa = PBXTargetDependency;
			target = B02A71312F7C06B2001CD565 /* HaguruApp */;
			targetProxy = B02A714C2F7C06BA001CD565 /* PBXContainerItemProxy */;
		};
/* End PBXTargetDependency section */

/* Begin XCBuildConfiguration section */
		B02A71532F7C06BA001CD565 /* Debug */ = {
			isa = XCBuildConfiguration;
			buildSettings = {
				ALWAYS_SEARCH_USER_PATHS = NO;
				ASSETCATALOG_COMPILER_GENERATE_SWIFT_ASSET_SYMBOL_EXTENSIONS = YES;
				CLANG_ANALYZER_NONNULL = YES;
				CLANG_ANALYZER_NUMBER_OBJECT_CONVERSION = YES_AGGRESSIVE;
				CLANG_CXX_LANGUAGE_STANDARD = "gnu++20";
				CLANG_ENABLE_MODULES = YES;
				CLANG_ENABLE_OBJC_ARC = YES;
				CLANG_ENABLE_OBJC_WEAK = YES;
				CLANG_WARN_BLOCK_CAPTURE_AUTORELEASING = YES;
				CLANG_WARN_BOOL_CONVERSION = YES;
				CLANG_WARN_COMMA = YES;
				CLANG_WARN_CONSTANT_CONVERSION = YES;
				CLANG_WARN_DEPRECATED_OBJC_IMPLEMENTATIONS = YES;
				CLANG_WARN_DIRECT_OBJC_ISA_USAGE = YES_ERROR;
				CLANG_WARN_DOCUMENTATION_COMMENTS = YES;
				CLANG_WARN_EMPTY_BODY = YES;
				CLANG_WARN_ENUM_CONVERSION = YES;
				CLANG_WARN_INFINITE_RECURSION = YES;
				CLANG_WARN_INT_CONVERSION = YES;
				CLANG_WARN_NON_LITERAL_NULL_CONVERSION = YES;
				CLANG_WARN_OBJC_IMPLICIT_RETAIN_SELF = YES;
				CLANG_WARN_OBJC_LITERAL_CONVERSION = YES;
				CLANG_WARN_OBJC_ROOT_CLASS = YES_ERROR;
				CLANG_WARN_QUOTED_INCLUDE_IN_FRAMEWORK_HEADER = YES;
				CLANG_WARN_RANGE_LOOP_ANALYSIS = YES;
				CLANG_WARN_STRICT_PROTOTYPES = YES;
				CLANG_WARN_SUSPICIOUS_MOVE = YES;
				CLANG_WARN_UNGUARDED_AVAILABILITY = YES_AGGRESSIVE;
				CLANG_WARN_UNREACHABLE_CODE = YES;
				CLANG_WARN__DUPLICATE_METHOD_MATCH = YES;
				COPY_PHASE_STRIP = NO;
				DEBUG_INFORMATION_FORMAT = dwarf;
				DEVELOPMENT_TEAM = 5K5YCF5332;
				ENABLE_STRICT_OBJC_MSGSEND = YES;
				ENABLE_TESTABILITY = YES;
				ENABLE_USER_SCRIPT_SANDBOXING = YES;
				GCC_C_LANGUAGE_STANDARD = gnu17;
				GCC_DYNAMIC_NO_PIC = NO;
				GCC_NO_COMMON_BLOCKS = YES;
				GCC_OPTIMIZATION_LEVEL = 0;
				GCC_PREPROCESSOR_DEFINITIONS = (
					"DEBUG=1",
					"$(inherited)",
				);
				GCC_WARN_64_TO_32_BIT_CONVERSION = YES;
				GCC_WARN_ABOUT_RETURN_TYPE = YES_ERROR;
				GCC_WARN_UNDECLARED_SELECTOR = YES;
				GCC_WARN_UNINITIALIZED_AUTOS = YES_AGGRESSIVE;
				GCC_WARN_UNUSED_FUNCTION = YES;
				GCC_WARN_UNUSED_VARIABLE = YES;
				IPHONEOS_DEPLOYMENT_TARGET = 26.2;
				LOCALIZATION_PREFERS_STRING_CATALOGS = YES;
				MTL_ENABLE_DEBUG_INFO = INCLUDE_SOURCE;
				MTL_FAST_MATH = YES;
				ONLY_ACTIVE_ARCH = YES;
				SDKROOT = iphoneos;
				SWIFT_ACTIVE_COMPILATION_CONDITIONS = "DEBUG $(inherited)";
				SWIFT_OPTIMIZATION_LEVEL = "-Onone";
			};
			name = Debug;
		};
		B02A71542F7C06BA001CD565 /* Release */ = {
			isa = XCBuildConfiguration;
			buildSettings = {
				ALWAYS_SEARCH_USER_PATHS = NO;
				ASSETCATALOG_COMPILER_GENERATE_SWIFT_ASSET_SYMBOL_EXTENSIONS = YES;
				CLANG_ANALYZER_NONNULL = YES;
				CLANG_ANALYZER_NUMBER_OBJECT_CONVERSION = YES_AGGRESSIVE;
				CLANG_CXX_LANGUAGE_STANDARD = "gnu++20";
				CLANG_ENABLE_MODULES = YES;
				CLANG_ENABLE_OBJC_ARC = YES;
				CLANG_ENABLE_OBJC_WEAK = YES;
				CLANG_WARN_BLOCK_CAPTURE_AUTORELEASING = YES;
				CLANG_WARN_BOOL_CONVERSION = YES;
				CLANG_WARN_COMMA = YES;
				CLANG_WARN_CONSTANT_CONVERSION = YES;
				CLANG_WARN_DEPRECATED_OBJC_IMPLEMENTATIONS = YES;
				CLANG_WARN_DIRECT_OBJC_ISA_USAGE = YES_ERROR;
				CLANG_WARN_DOCUMENTATION_COMMENTS = YES;
				CLANG_WARN_EMPTY_BODY = YES;
				CLANG_WARN_ENUM_CONVERSION = YES;
				CLANG_WARN_INFINITE_RECURSION = YES;
				CLANG_WARN_INT_CONVERSION = YES;
				CLANG_WARN_NON_LITERAL_NULL_CONVERSION = YES;
				CLANG_WARN_OBJC_IMPLICIT_RETAIN_SELF = YES;
				CLANG_WARN_OBJC_LITERAL_CONVERSION = YES;
				CLANG_WARN_OBJC_ROOT_CLASS = YES_ERROR;
				CLANG_WARN_QUOTED_INCLUDE_IN_FRAMEWORK_HEADER = YES;
				CLANG_WARN_RANGE_LOOP_ANALYSIS = YES;
				CLANG_WARN_STRICT_PROTOTYPES = YES;
				CLANG_WARN_SUSPICIOUS_MOVE = YES;
				CLANG_WARN_UNGUARDED_AVAILABILITY = YES_AGGRESSIVE;
				CLANG_WARN_UNREACHABLE_CODE = YES;
				CLANG_WARN__DUPLICATE_METHOD_MATCH = YES;
				COPY_PHASE_STRIP = NO;
				DEBUG_INFORMATION_FORMAT = "dwarf-with-dsym";
				DEVELOPMENT_TEAM = 5K5YCF5332;
				ENABLE_NS_ASSERTIONS = NO;
				ENABLE_STRICT_OBJC_MSGSEND = YES;
				ENABLE_USER_SCRIPT_SANDBOXING = YES;
				GCC_C_LANGUAGE_STANDARD = gnu17;
				GCC_NO_COMMON_BLOCKS = YES;
				GCC_WARN_64_TO_32_BIT_CONVERSION = YES;
				GCC_WARN_ABOUT_RETURN_TYPE = YES_ERROR;
				GCC_WARN_UNDECLARED_SELECTOR = YES;
				GCC_WARN_UNINITIALIZED_AUTOS = YES_AGGRESSIVE;
				GCC_WARN_UNUSED_FUNCTION = YES;
				GCC_WARN_UNUSED_VARIABLE = YES;
				IPHONEOS_DEPLOYMENT_TARGET = 26.2;
				LOCALIZATION_PREFERS_STRING_CATALOGS = YES;
				MTL_ENABLE_DEBUG_INFO = NO;
				MTL_FAST_MATH = YES;
				SDKROOT = iphoneos;
				SWIFT_COMPILATION_MODE = wholemodule;
				VALIDATE_PRODUCT = YES;
			};
			name = Release;
		};
		B02A71562F7C06BA001CD565 /* Debug */ = {
			isa = XCBuildConfiguration;
			buildSettings = {
				ASSETCATALOG_COMPILER_APPICON_NAME = AppIcon;
				ASSETCATALOG_COMPILER_GLOBAL_ACCENT_COLOR_NAME = AccentColor;
				CODE_SIGN_STYLE = Automatic;
				CURRENT_PROJECT_VERSION = 1;
				DEVELOPMENT_TEAM = 5K5YCF5332;
				ENABLE_PREVIEWS = YES;
				GENERATE_INFOPLIST_FILE = YES;
				ASSETCATALOG_COMPILER_GENERATE_SWIFT_ASSET_SYMBOL_EXTENSIONS = NO;
				INFOPLIST_KEY_CFBundleDisplayName = "はぐる";
				INFOPLIST_KEY_NSUserNotificationsUsageDescription = "水やりや気持ちのお知らせに使用します";
				INFOPLIST_KEY_UIApplicationSceneManifest_Generation = YES;
				INFOPLIST_KEY_UIApplicationSupportsIndirectInputEvents = YES;
				INFOPLIST_KEY_UILaunchScreen_Generation = YES;
				INFOPLIST_KEY_UISupportedInterfaceOrientations_iPad = "UIInterfaceOrientationPortrait UIInterfaceOrientationPortraitUpsideDown UIInterfaceOrientationLandscapeLeft UIInterfaceOrientationLandscapeRight";
				INFOPLIST_KEY_UISupportedInterfaceOrientations_iPhone = "UIInterfaceOrientationPortrait UIInterfaceOrientationLandscapeLeft UIInterfaceOrientationLandscapeRight";
				LD_RUNPATH_SEARCH_PATHS = (
					"$(inherited)",
					"@executable_path/Frameworks",
				);
				MARKETING_VERSION = 1.0;
				PRODUCT_BUNDLE_IDENTIFIER = com.yasu.HaguruApp;
				PRODUCT_NAME = "$(TARGET_NAME)";
				STRING_CATALOG_GENERATE_SYMBOLS = YES;
				SWIFT_APPROACHABLE_CONCURRENCY = YES;
				SWIFT_DEFAULT_ACTOR_ISOLATION = MainActor;
				SWIFT_EMIT_LOC_STRINGS = YES;
				SWIFT_UPCOMING_FEATURE_MEMBER_IMPORT_VISIBILITY = YES;
				SWIFT_VERSION = 5.0;
				TARGETED_DEVICE_FAMILY = "1,2";
			};
			name = Debug;
		};
		B02A71572F7C06BA001CD565 /* Release */ = {
			isa = XCBuildConfiguration;
			buildSettings = {
				ASSETCATALOG_COMPILER_APPICON_NAME = AppIcon;
				ASSETCATALOG_COMPILER_GLOBAL_ACCENT_COLOR_NAME = AccentColor;
				CODE_SIGN_STYLE = Automatic;
				CURRENT_PROJECT_VERSION = 1;
				DEVELOPMENT_TEAM = 5K5YCF5332;
				ENABLE_PREVIEWS = YES;
				GENERATE_INFOPLIST_FILE = YES;
				ASSETCATALOG_COMPILER_GENERATE_SWIFT_ASSET_SYMBOL_EXTENSIONS = NO;
				INFOPLIST_KEY_CFBundleDisplayName = "はぐる";
				INFOPLIST_KEY_NSUserNotificationsUsageDescription = "水やりや気持ちのお知らせに使用します";
				INFOPLIST_KEY_UIApplicationSceneManifest_Generation = YES;
				INFOPLIST_KEY_UIApplicationSupportsIndirectInputEvents = YES;
				INFOPLIST_KEY_UILaunchScreen_Generation = YES;
				INFOPLIST_KEY_UISupportedInterfaceOrientations_iPad = "UIInterfaceOrientationPortrait UIInterfaceOrientationPortraitUpsideDown UIInterfaceOrientationLandscapeLeft UIInterfaceOrientationLandscapeRight";
				INFOPLIST_KEY_UISupportedInterfaceOrientations_iPhone = "UIInterfaceOrientationPortrait UIInterfaceOrientationLandscapeLeft UIInterfaceOrientationLandscapeRight";
				LD_RUNPATH_SEARCH_PATHS = (
					"$(inherited)",
					"@executable_path/Frameworks",
				);
				MARKETING_VERSION = 1.0;
				PRODUCT_BUNDLE_IDENTIFIER = com.yasu.HaguruApp;
				PRODUCT_NAME = "$(TARGET_NAME)";
				STRING_CATALOG_GENERATE_SYMBOLS = YES;
				SWIFT_APPROACHABLE_CONCURRENCY = YES;
				SWIFT_DEFAULT_ACTOR_ISOLATION = MainActor;
				SWIFT_EMIT_LOC_STRINGS = YES;
				SWIFT_UPCOMING_FEATURE_MEMBER_IMPORT_VISIBILITY = YES;
				SWIFT_VERSION = 5.0;
				TARGETED_DEVICE_FAMILY = "1,2";
			};
			name = Release;
		};
		B02A71592F7C06BA001CD565 /* Debug */ = {
			isa = XCBuildConfiguration;
			buildSettings = {
				BUNDLE_LOADER = "$(TEST_HOST)";
				CODE_SIGN_STYLE = Automatic;
				CURRENT_PROJECT_VERSION = 1;
				DEVELOPMENT_TEAM = 5K5YCF5332;
				GENERATE_INFOPLIST_FILE = YES;
				IPHONEOS_DEPLOYMENT_TARGET = 26.2;
				MARKETING_VERSION = 1.0;
				PRODUCT_BUNDLE_IDENTIFIER = com.yasu.HaguruAppTests;
				PRODUCT_NAME = "$(TARGET_NAME)";
				STRING_CATALOG_GENERATE_SYMBOLS = NO;
				SWIFT_APPROACHABLE_CONCURRENCY = YES;
				SWIFT_EMIT_LOC_STRINGS = NO;
				SWIFT_UPCOMING_FEATURE_MEMBER_IMPORT_VISIBILITY = YES;
				SWIFT_VERSION = 5.0;
				TARGETED_DEVICE_FAMILY = "1,2";
				TEST_HOST = "$(BUILT_PRODUCTS_DIR)/HaguruApp.app/$(BUNDLE_EXECUTABLE_FOLDER_PATH)/HaguruApp";
			};
			name = Debug;
		};
		B02A715A2F7C06BA001CD565 /* Release */ = {
			isa = XCBuildConfiguration;
			buildSettings = {
				BUNDLE_LOADER = "$(TEST_HOST)";
				CODE_SIGN_STYLE = Automatic;
				CURRENT_PROJECT_VERSION = 1;
				DEVELOPMENT_TEAM = 5K5YCF5332;
				GENERATE_INFOPLIST_FILE = YES;
				IPHONEOS_DEPLOYMENT_TARGET = 26.2;
				MARKETING_VERSION = 1.0;
				PRODUCT_BUNDLE_IDENTIFIER = com.yasu.HaguruAppTests;
				PRODUCT_NAME = "$(TARGET_NAME)";
				STRING_CATALOG_GENERATE_SYMBOLS = NO;
				SWIFT_APPROACHABLE_CONCURRENCY = YES;
				SWIFT_EMIT_LOC_STRINGS = NO;
				SWIFT_UPCOMING_FEATURE_MEMBER_IMPORT_VISIBILITY = YES;
				SWIFT_VERSION = 5.0;
				TARGETED_DEVICE_FAMILY = "1,2";
				TEST_HOST = "$(BUILT_PRODUCTS_DIR)/HaguruApp.app/$(BUNDLE_EXECUTABLE_FOLDER_PATH)/HaguruApp";
			};
			name = Release;
		};
		B02A715C2F7C06BA001CD565 /* Debug */ = {
			isa = XCBuildConfiguration;
			buildSettings = {
				CODE_SIGN_STYLE = Automatic;
				CURRENT_PROJECT_VERSION = 1;
				DEVELOPMENT_TEAM = 5K5YCF5332;
				GENERATE_INFOPLIST_FILE = YES;
				MARKETING_VERSION = 1.0;
				PRODUCT_BUNDLE_IDENTIFIER = com.yasu.HaguruAppUITests;
				PRODUCT_NAME = "$(TARGET_NAME)";
				STRING_CATALOG_GENERATE_SYMBOLS = NO;
				SWIFT_APPROACHABLE_CONCURRENCY = YES;
				SWIFT_EMIT_LOC_STRINGS = NO;
				SWIFT_UPCOMING_FEATURE_MEMBER_IMPORT_VISIBILITY = YES;
				SWIFT_VERSION = 5.0;
				TARGETED_DEVICE_FAMILY = "1,2";
				TEST_TARGET_NAME = HaguruApp;
			};
			name = Debug;
		};
		B02A715D2F7C06BA001CD565 /* Release */ = {
			isa = XCBuildConfiguration;
			buildSettings = {
				CODE_SIGN_STYLE = Automatic;
				CURRENT_PROJECT_VERSION = 1;
				DEVELOPMENT_TEAM = 5K5YCF5332;
				GENERATE_INFOPLIST_FILE = YES;
				MARKETING_VERSION = 1.0;
				PRODUCT_BUNDLE_IDENTIFIER = com.yasu.HaguruAppUITests;
				PRODUCT_NAME = "$(TARGET_NAME)";
				STRING_CATALOG_GENERATE_SYMBOLS = NO;
				SWIFT_APPROACHABLE_CONCURRENCY = YES;
				SWIFT_EMIT_LOC_STRINGS = NO;
				SWIFT_UPCOMING_FEATURE_MEMBER_IMPORT_VISIBILITY = YES;
				SWIFT_VERSION = 5.0;
				TARGETED_DEVICE_FAMILY = "1,2";
				TEST_TARGET_NAME = HaguruApp;
			};
			name = Release;
		};
/* End XCBuildConfiguration section */

/* Begin XCConfigurationList section */
		B02A712D2F7C06B2001CD565 /* Build configuration list for PBXProject "HaguruApp" */ = {
			isa = XCConfigurationList;
			buildConfigurations = (
				B02A71532F7C06BA001CD565 /* Debug */,
				B02A71542F7C06BA001CD565 /* Release */,
			);
			defaultConfigurationIsVisible = 0;
			defaultConfigurationName = Release;
		};
		B02A71552F7C06BA001CD565 /* Build configuration list for PBXNativeTarget "HaguruApp" */ = {
			isa = XCConfigurationList;
			buildConfigurations = (
				B02A71562F7C06BA001CD565 /* Debug */,
				B02A71572F7C06BA001CD565 /* Release */,
			);
			defaultConfigurationIsVisible = 0;
			defaultConfigurationName = Release;
		};
		B02A71582F7C06BA001CD565 /* Build configuration list for PBXNativeTarget "HaguruAppTests" */ = {
			isa = XCConfigurationList;
			buildConfigurations = (
				B02A71592F7C06BA001CD565 /* Debug */,
				B02A715A2F7C06BA001CD565 /* Release */,
			);
			defaultConfigurationIsVisible = 0;
			defaultConfigurationName = Release;
		};
		B02A715B2F7C06BA001CD565 /* Build configuration list for PBXNativeTarget "HaguruAppUITests" */ = {
			isa = XCConfigurationList;
			buildConfigurations = (
				B02A715C2F7C06BA001CD565 /* Debug */,
				B02A715D2F7C06BA001CD565 /* Release */,
			);
			defaultConfigurationIsVisible = 0;
			defaultConfigurationName = Release;
		};
/* End XCConfigurationList section */

/* Begin XCRemoteSwiftPackageReference section */
		B0FB1A2E0F7C06B2001CFA01 /* XCRemoteSwiftPackageReference "firebase-ios-sdk" */ = {
			isa = XCRemoteSwiftPackageReference;
			repositoryURL = "https://github.com/firebase/firebase-ios-sdk";
			requirement = {
				kind = upToNextMajorVersion;
				minimumVersion = 12.0.0;
			};
		};
/* End XCRemoteSwiftPackageReference section */

/* Begin XCSwiftPackageProductDependency section */
		B0FB1A2E0F7C06B2001CFA02 /* FirebaseAuth */ = {
			isa = XCSwiftPackageProductDependency;
			package = B0FB1A2E0F7C06B2001CFA01 /* XCRemoteSwiftPackageReference "firebase-ios-sdk" */;
			productName = FirebaseAuth;
		};
		B0FB1A2E0F7C06B2001CFA03 /* FirebaseFirestore */ = {
			isa = XCSwiftPackageProductDependency;
			package = B0FB1A2E0F7C06B2001CFA01 /* XCRemoteSwiftPackageReference "firebase-ios-sdk" */;
			productName = FirebaseFirestore;
		};
/* End XCSwiftPackageProductDependency section */
	};
	rootObject = B02A712A2F7C06B2001CD565 /* Project object */;
}
